
Microsoft Visual Studio Solution File, Format Version 12.00
# Visual Studio Version 16
VisualStudioVersion = 16.0.30621.155
MinimumVisualStudioVersion = 10.0.40219.1
Project("{FAE04EC0-301F-11D3-BF4B-00C04F79EFBC}") = "Laba1", "Laba1\Laba1.csproj", "{26F3F006-1AA8-42AA-A60F-76F3BC0A440B}"
EndProject
Global
	GlobalSection(SolutionConfigurationPlatforms) = preSolution
		Debug|Any CPU = Debug|Any CPU
		Release|Any CPU = Release|Any CPU
	EndGlobalSection
	GlobalSection(ProjectConfigurationPlatforms) = postSolution
		{26F3F006-1AA8-42AA-A60F-76F3BC0A440B}.Debug|Any CPU.ActiveCfg = Debug|Any CPU
		{26F3F006-1AA8-42AA-A60F-76F3BC0A440B}.Debug|Any CPU.Build.0 = Debug|Any CPU
		{26F3F006-1AA8-42AA-A60F-76F3BC0A440B}.Release|Any CPU.ActiveCfg = Release|Any CPU
		{26F3F006-1AA8-42AA-A60F-76F3BC0A440B}.Release|Any CPU.Build.0 = Release|Any CPU
	EndGlobalSection
	GlobalSection(SolutionProperties) = preSolution
		HideSolutionNode = FALSE
	EndGlobalSection
	GlobalSection(ExtensibilityGlobals) = postSolution
		SolutionGuid = {F9C38AEC-9DC1-4DC4-AB4B-81F0854C9FF3}
	EndGlobalSection
EndGlobal
